// !$*UTF8*$!
{
	archiveVersion = 1;
	classes = {
	};
	objectVersion = 70;
	objects = {

/* Begin PBXContainerItemProxy section */
		E76AD8C12CAD737200279E81 /* PBXContainerItemProxy */ = {
			isa = PBXContainerItemProxy;
			containerPortal = E76AD89F2CAD736F00279E81 /* Project object */;
			proxyType = 1;
			remoteGlobalIDString = E76AD8A62CAD736F00279E81;
			remoteInfo = ClassmateAppMcCain;
		};
		E76AD8CB2CAD737200279E81 /* PBXContainerItemProxy */ = {
			isa = PBXContainerItemProxy;
			containerPortal = E76AD89F2CAD736F00279E81 /* Project object */;
			proxyType = 1;
			remoteGlobalIDString = E76AD8A62CAD736F00279E81;
			remoteInfo = ClassmateAppMcCain;
		};
/* End PBXContainerItemProxy section */

/* Begin PBXFileReference section */
		E76AD8A72CAD736F00279E81 /* ClassmateAppMcCain.app */ = {isa = PBXFileReference; explicitFileType = wrapper.application; includeInIndex = 0; path = ClassmateAppMcCain.app; sourceTree = BUILT_PRODUCTS_DIR; };
		E76AD8C02CAD737200279E81 /* ClassmateAppMcCainTests.xctest */ = {isa = PBXFileReference; explicitFileType = wrapper.cfbundle; includeInIndex = 0; path = ClassmateAppMcCainTests.xctest; sourceTree = BUILT_PRODUCTS_DIR; };
		E76AD8CA2CAD737200279E81 /* ClassmateAppMcCainUITests.xctest */ = {isa = PBXFileReference; explicitFileType = wrapper.cfbundle; includeInIndex = 0; path = ClassmateAppMcCainUITests.xctest; sourceTree = BUILT_PRODUCTS_DIR; };
/* End PBXFileReference section */

/* Begin PBXFileSystemSynchronizedBuildFileExceptionSet section */
		E76AD8D22CAD737200279E81 /* PBXFileSystemSynchronizedBuildFileExceptionSet */ = {
			isa = PBXFileSystemSynchronizedBuildFileExceptionSet;
			membershipExceptions = (
				Info.plist,
			);
			target = E76AD8A62CAD736F00279E81 /* ClassmateAppMcCain */;
		};
/* End PBXFileSystemSynchronizedBuildFileExceptionSet section */

/* Begin PBXFileSystemSynchronizedRootGroup section */
		E76AD8A92CAD736F00279E81 /* ClassmateAppMcCain */ = {isa = PBXFileSystemSynchronizedRootGroup; exceptions = (E76AD8D22CAD737200279E81 /* PBXFileSystemSynchronizedBuildFileExceptionSet */, ); explicitFileTypes = {}; explicitFolders = (); path = ClassmateAppMcCain; sourceTree = "<group>"; };
		E76AD8C32CAD737200279E81 /* ClassmateAppMcCainTests */ = {isa = PBXFileSystemSynchronizedRootGroup; explicitFileTypes = {}; explicitFolders = (); path = ClassmateAppMcCainTests; sourceTree = "<group>"; };
		E76AD8CD2CAD737200279E81 /* ClassmateAppMcCainUITests */ = {isa = PBXFileSystemSynchronizedRootGroup; explicitFileTypes = {}; explicitFolders = (); path = ClassmateAppMcCainUITests; sourceTree = "<group>"; };
/* End PBXFileSystemSynchronizedRootGroup section */

/* Begin PBXFrameworksBuildPhase section */
		E76AD8A42CAD736F00279E81 /* Frameworks */ = {
			isa = PBXFrameworksBuildPhase;
			buildActionMask = 2147483647;
			files = (
			);
			runOnlyForDeploymentPostprocessing = 0;
		};
		E76AD8BD2CAD737200279E81 /* Frameworks */ = {
			isa = PBXFrameworksBuildPhase;
			buildActionMask = 2147483647;
			files = (
			);
			runOnlyForDeploymentPostprocessing = 0;
		};
		E76AD8C72CAD737200279E81 /* Frameworks */ = {
			isa = PBXFrameworksBuildPhase;
			buildActionMask = 2147483647;
			files = (
			);
			runOnlyForDeploymentPostprocessing = 0;
		};
/* End PBXFrameworksBuildPhase section */

/* Begin PBXGroup section */
		E76AD89E2CAD736F00279E81 = {
			isa = PBXGroup;
			children = (
				E76AD8A92CAD736F00279E81 /* ClassmateAppMcCain */,
				E76AD8C32CAD737200279E81 /* ClassmateAppMcCainTests */,
				E76AD8CD2CAD737200279E81 /* ClassmateAppMcCainUITests */,
				E76AD8A82CAD736F00279E81 /* Products */,
			);
			sourceTree = "<group>";
		};
		E76AD8A82CAD736F00279E81 /* Products */ = {
			isa = PBXGroup;
			children = (
				E76AD8A72CAD736F00279E81 /* ClassmateAppMcCain.app */,
				E76AD8C02CAD737200279E81 /* ClassmateAppMcCainTests.xctest */,
				E76AD8CA2CAD737200279E81 /* ClassmateAppMcCainUITests.xctest */,
			);
			name = Products;
			sourceTree = "<group>";
		};
/* End PBXGroup section */

/* Begin PBXNativeTarget section */
		E76AD8A62CAD736F00279E81 /* ClassmateAppMcCain */ = {
			isa = PBXNativeTarget;
			buildConfigurationList = E76AD8D32CAD737200279E81 /* Build configuration list for PBXNativeTarget "ClassmateAppMcCain" */;
			buildPhases = (
				E76AD8A32CAD736F00279E81 /* Sources */,
				E76AD8A42CAD736F00279E81 /* Frameworks */,
				E76AD8A52CAD736F00279E81 /* Resources */,
			);
			buildRules = (
			);
			dependencies = (
			);
			fileSystemSynchronizedGroups = (
				E76AD8A92CAD736F00279E81 /* ClassmateAppMcCain */,
			);
			name = ClassmateAppMcCain;
			packageProductDependencies = (
			);
			productName = ClassmateAppMcCain;
			productReference = E76AD8A72CAD736F00279E81 /* ClassmateAppMcCain.app */;
			productType = "com.apple.product-type.application";
		};
		E76AD8BF2CAD737200279E81 /* ClassmateAppMcCainTests */ = {
			isa = PBXNativeTarget;
			buildConfigurationList = E76AD8D82CAD737200279E81 /* Build configuration list for PBXNativeTarget "ClassmateAppMcCainTests" */;
			buildPhases = (
				E76AD8BC2CAD737200279E81 /* Sources */,
				E76AD8BD2CAD737200279E81 /* Frameworks */,
				E76AD8BE2CAD737200279E81 /* Resources */,
			);
			buildRules = (
			);
			dependencies = (
				E76AD8C22CAD737200279E81 /* PBXTargetDependency */,
			);
			fileSystemSynchronizedGroups = (
				E76AD8C32CAD737200279E81 /* ClassmateAppMcCainTests */,
			);
			name = ClassmateAppMcCainTests;
			packageProductDependencies = (
			);
			productName = ClassmateAppMcCainTests;
			productReference = E76AD8C02CAD737200279E81 /* ClassmateAppMcCainTests.xctest */;
			productType = "com.apple.product-type.bundle.unit-test";
		};
		E76AD8C92CAD737200279E81 /* ClassmateAppMcCainUITests */ = {
			isa = PBXNativeTarget;
			buildConfigurationList = E76AD8DB2CAD737200279E81 /* Build configuration list for PBXNativeTarget "ClassmateAppMcCainUITests" */;
			buildPhases = (
				E76AD8C62CAD737200279E81 /* Sources */,
				E76AD8C72CAD737200279E81 /* Frameworks */,
				E76AD8C82CAD737200279E81 /* Resources */,
			);
			buildRules = (
			);
			dependencies = (
				E76AD8CC2CAD737200279E81 /* PBXTargetDependency */,
			);
			fileSystemSynchronizedGroups = (
				E76AD8CD2CAD737200279E81 /* ClassmateAppMcCainUITests */,
			);
			name = ClassmateAppMcCainUITests;
			packageProductDependencies = (
			);
			productName = ClassmateAppMcCainUITests;
			productReference = E76AD8CA2CAD737200279E81 /* ClassmateAppMcCainUITests.xctest */;
			productType = "com.apple.product-type.bundle.ui-testing";
		};
/* End PBXNativeTarget section */

/* Begin PBXProject section */
		E76AD89F2CAD736F00279E81 /* Project object */ = {
			isa = PBXProject;
			attributes = {
				BuildIndependentTargetsInParallel = 1;
				LastSwiftUpdateCheck = 1600;
				LastUpgradeCheck = 1600;
				TargetAttributes = {
					E76AD8A62CAD736F00279E81 = {
						CreatedOnToolsVersion = 16.0;
					};
					E76AD8BF2CAD737200279E81 = {
						CreatedOnToolsVersion = 16.0;
						TestTargetID = E76AD8A62CAD736F00279E81;
					};
					E76AD8C92CAD737200279E81 = {
						CreatedOnToolsVersion = 16.0;
						TestTargetID = E76AD8A62CAD736F00279E81;
					};
				};
			};
			buildConfigurationList = E76AD8A22CAD736F00279E81 /* Build configuration list for PBXProject "ClassmateAppMcCain" */;
			compatibilityVersion = "Xcode 15.0";
			developmentRegion = en;
			hasScannedForEncodings = 0;
			knownRegions = (
				en,
				Base,
			);
			mainGroup = E76AD89E2CAD736F00279E81;
			minimizedProjectReferenceProxies = 1;
			productRefGroup = E76AD8A82CAD736F00279E81 /* Products */;
			projectDirPath = "";
			projectRoot = "";
			targets = (
				E76AD8A62CAD736F00279E81 /* ClassmateAppMcCain */,
				E76AD8BF2CAD737200279E81 /* ClassmateAppMcCainTests */,
				E76AD8C92CAD737200279E81 /* ClassmateAppMcCainUITests */,
			);
		};
/* End PBXProject section */

/* Begin PBXResourcesBuildPhase section */
		E76AD8A52CAD736F00279E81 /* Resources */ = {
			isa = PBXResourcesBuildPhase;
			buildActionMask = 2147483647;
			files = (
			);
			runOnlyForDeploymentPostprocessing = 0;
		};
		E76AD8BE2CAD737200279E81 /* Resources */ = {
			isa = PBXResourcesBuildPhase;
			buildActionMask = 2147483647;
			files = (
			);
			runOnlyForDeploymentPostprocessing = 0;
		};
		E76AD8C82CAD737200279E81 /* Resources */ = {
			isa = PBXResourcesBuildPhase;
			buildActionMask = 2147483647;
			files = (
			);
			runOnlyForDeploymentPostprocessing = 0;
		};
/* End PBXResourcesBuildPhase section */

/* Begin PBXSourcesBuildPhase section */
		E76AD8A32CAD736F00279E81 /* Sources */ = {
			isa = PBXSourcesBuildPhase;
			buildActionMask = 2147483647;
			files = (
			);
			runOnlyForDeploymentPostprocessing = 0;
		};
		E76AD8BC2CAD737200279E81 /* Sources */ = {
			isa = PBXSourcesBuildPhase;
			buildActionMask = 2147483647;
			files = (
			);
			runOnlyForDeploymentPostprocessing = 0;
		};
		E76AD8C62CAD737200279E81 /* Sources */ = {
			isa = PBXSourcesBuildPhase;
			buildActionMask = 2147483647;
			files = (
			);
			runOnlyForDeploymentPostprocessing = 0;
		};
/* End PBXSourcesBuildPhase section */

/* Begin PBXTargetDependency section */
		E76AD8C22CAD737200279E81 /* PBXTargetDependency */ = {
			isa = PBXTargetDependency;
			target = E76AD8A62CAD736F00279E81 /* ClassmateAppMcCain */;
			targetProxy = E76AD8C12CAD737200279E81 /* PBXContainerItemProxy */;
		};
		E76AD8CC2CAD737200279E81 /* PBXTargetDependency */ = {
			isa = PBXTargetDependency;
			target = E76AD8A62CAD736F00279E81 /* ClassmateAppMcCain */;
			targetProxy = E76AD8CB2CAD737200279E81 /* PBXContainerItemProxy */;
		};
/* End PBXTargetDependency section */

/* Begin XCBuildConfiguration section */
		E76AD8D42CAD737200279E81 /* Debug */ = {
			isa = XCBuildConfiguration;
			buildSettings = {
				ASSETCATALOG_COMPILER_APPICON_NAME = AppIcon;
				ASSETCATALOG_COMPILER_GLOBAL_ACCENT_COLOR_NAME = AccentColor;
				CODE_SIGN_STYLE = Automatic;
				CURRENT_PROJECT_VERSION = 1;
				DEVELOPMENT_TEAM = 2U9LG3V72B;
				GENERATE_INFOPLIST_FILE = YES;
				INFOPLIST_FILE = ClassmateAppMcCain/Info.plist;
				INFOPLIST_KEY_UIApplicationSupportsIndirectInputEvents = YES;
				INFOPLIST_KEY_UILaunchStoryboardName = LaunchScreen;
				INFOPLIST_KEY_UIMainStoryboardFile = Main;
				INFOPLIST_KEY_UISupportedInterfaceOrientations_iPad = "UIInterfaceOrientationPortrait UIInterfaceOrientationPortraitUpsideDown UIInterfaceOrientationLandscapeLeft UIInterfaceOrientationLandscapeRight";
				INFOPLIST_KEY_UISupportedInterfaceOrientations_iPhone = "UIInterfaceOrientationPortrait UIInterfaceOrientationLandscapeLeft UIInterfaceOrientationLandscapeRight";
				LD_RUNPATH_SEARCH_PATHS = (
					"$(inherited)",
					"@executable_path/Frameworks",
				);
				MARKETING_VERSION = 1.0;
				PRODUCT_BUNDLE_IDENTIFIER = clc.ClassmateAppMcCain;
				PRODUCT_NAME = "$(TARGET_NAME)";
				SWIFT_EMIT_LOC_STRINGS = YES;
				SWIFT_VERSION = 5.0;
				TARGETED_DEVICE_FAMILY = "1,2";
			};
			name = Debug;
		};
		E76AD8D52CAD737200279E81 /* Release */ = {
			isa = XCBuildConfiguration;
			buildSettings = {
				ASSETCATALOG_COMPILER_APPICON_NAME = AppIcon;
				ASSETCATALOG_COMPILER_GLOBAL_ACCENT_COLOR_NAME = AccentColor;
				CODE_SIGN_STYLE = Automatic;
				CURRENT_PROJECT_VERSION = 1;
				DEVELOPMENT_TEAM = 2U9LG3V72B;
				GENERATE_INFOPLIST_FILE = YES;
				INFOPLIST_FILE = ClassmateAppMcCain/Info.plist;
				INFOPLIST_KEY_UIApplicationSupportsIndirectInputEvents = YES;
				INFOPLIST_KEY_UILaunchStoryboardName = LaunchScreen;
				INFOPLIST_KEY_UIMainStoryboardFile = Main;
				INFOPLIST_KEY_UISupportedInterfaceOrientations_iPad = "UIInterfaceOrientationPortrait UIInterfaceOrientationPortraitUpsideDown UIInterfaceOrientationLandscapeLeft UIInterfaceOrientationLandscapeRight";
				INFOPLIST_KEY_UISupportedInterfaceOrientations_iPhone = "UIInterfaceOrientationPortrait UIInterfaceOrientationLandscapeLeft UIInterfaceOrientationLandscapeRight";
				LD_RUNPATH_SEARCH_PATHS = (
					"$(inherited)",
					"@executable_path/Frameworks",
				);
				MARKETING_VERSION = 1.0;
				PRODUCT_BUNDLE_IDENTIFIER = clc.ClassmateAppMcCain;
				PRODUCT_NAME = "$(TARGET_NAME)";
				SWIFT_EMIT_LOC_STRINGS = YES;
				SWIFT_VERSION = 5.0;
				TARGETED_DEVICE_FAMILY = "1,2";
			};
			name = Release;
		};
		E76AD8D62CAD737200279E81 /* Debug */ = {
			isa = XCBuildConfiguration;
			buildSettings = {
				ALWAYS_SEARCH_USER_PATHS = NO;
				ASSETCATALOG_COMPILER_GENERATE_SWIFT_ASSET_SYMBOL_EXTENSIONS = YES;
				CLANG_ANALYZER_NONNULL = YES;
				CLANG_ANALYZER_NUMBER_OBJECT_CONVERSION = YES_AGGRESSIVE;
				CLANG_CXX_LANGUAGE_STANDARD = "gnu++20";
				CLANG_ENABLE_MODULES = YES;
				CLANG_ENABLE_OBJC_ARC = YES;
				CLANG_ENABLE_OBJC_WEAK = YES;
				CLANG_WARN_BLOCK_CAPTURE_AUTORELEASING = YES;
				CLANG_WARN_BOOL_CONVERSION = YES;
				CLANG_WARN_COMMA = YES;
				CLANG_WARN_CONSTANT_CONVERSION = YES;
				CLANG_WARN_DEPRECATED_OBJC_IMPLEMENTATIONS = YES;
				CLANG_WARN_DIRECT_OBJC_ISA_USAGE = YES_ERROR;
				CLANG_WARN_DOCUMENTATION_COMMENTS = YES;
				CLANG_WARN_EMPTY_BODY = YES;
				CLANG_WARN_ENUM_CONVERSION = YES;
				CLANG_WARN_INFINITE_RECURSION = YES;
				CLANG_WARN_INT_CONVERSION = YES;
				CLANG_WARN_NON_LITERAL_NULL_CONVERSION = YES;
				CLANG_WARN_OBJC_IMPLICIT_RETAIN_SELF = YES;
				CLANG_WARN_OBJC_LITERAL_CONVERSION = YES;
				CLANG_WARN_OBJC_ROOT_CLASS = YES_ERROR;
				CLANG_WARN_QUOTED_INCLUDE_IN_FRAMEWORK_HEADER = YES;
				CLANG_WARN_RANGE_LOOP_ANALYSIS = YES;
				CLANG_WARN_STRICT_PROTOTYPES = YES;
				CLANG_WARN_SUSPICIOUS_MOVE = YES;
				CLANG_WARN_UNGUARDED_AVAILABILITY = YES_AGGRESSIVE;
				CLANG_WARN_UNREACHABLE_CODE = YES;
				CLANG_WARN__DUPLICATE_METHOD_MATCH = YES;
				COPY_PHASE_STRIP = NO;
				DEBUG_INFORMATION_FORMAT = dwarf;
				ENABLE_STRICT_OBJC_MSGSEND = YES;
				ENABLE_TESTABILITY = YES;
				ENABLE_USER_SCRIPT_SANDBOXING = YES;
				GCC_C_LANGUAGE_STANDARD = gnu17;
				GCC_DYNAMIC_NO_PIC = NO;
				GCC_NO_COMMON_BLOCKS = YES;
				GCC_OPTIMIZATION_LEVEL = 0;
				GCC_PREPROCESSOR_DEFINITIONS = (
					"DEBUG=1",
					"$(inherited)",
				);
				GCC_WARN_64_TO_32_BIT_CONVERSION = YES;
				GCC_WARN_ABOUT_RETURN_TYPE = YES_ERROR;
				GCC_WARN_UNDECLARED_SELECTOR = YES;
				GCC_WARN_UNINITIALIZED_AUTOS = YES_AGGRESSIVE;
				GCC_WARN_UNUSED_FUNCTION = YES;
				GCC_WARN_UNUSED_VARIABLE = YES;
				IPHONEOS_DEPLOYMENT_TARGET = 18.0;
				LOCALIZATION_PREFERS_STRING_CATALOGS = YES;
				MTL_ENABLE_DEBUG_INFO = INCLUDE_SOURCE;
				MTL_FAST_MATH = YES;
				ONLY_ACTIVE_ARCH = YES;
				SDKROOT = iphoneos;
				SWIFT_ACTIVE_COMPILATION_CONDITIONS = "DEBUG $(inherited)";
				SWIFT_OPTIMIZATION_LEVEL = "-Onone";
			};
			name = Debug;
		};
		E76AD8D72CAD737200279E81 /* Release */ = {
			isa = XCBuildConfiguration;
			buildSettings = {
				ALWAYS_SEARCH_USER_PATHS = NO;
				ASSETCATALOG_COMPILER_GENERATE_SWIFT_ASSET_SYMBOL_EXTENSIONS = YES;
				CLANG_ANALYZER_NONNULL = YES;
				CLANG_ANALYZER_NUMBER_OBJECT_CONVERSION = YES_AGGRESSIVE;
				CLANG_CXX_LANGUAGE_STANDARD = "gnu++20";
				CLANG_ENABLE_MODULES = YES;
				CLANG_ENABLE_OBJC_ARC = YES;
				CLANG_ENABLE_OBJC_WEAK = YES;
				CLANG_WARN_BLOCK_CAPTURE_AUTORELEASING = YES;
				CLANG_WARN_BOOL_CONVERSION = YES;
				CLANG_WARN_COMMA = YES;
				CLANG_WARN_CONSTANT_CONVERSION = YES;
				CLANG_WARN_DEPRECATED_OBJC_IMPLEMENTATIONS = YES;
				CLANG_WARN_DIRECT_OBJC_ISA_USAGE = YES_ERROR;
				CLANG_WARN_DOCUMENTATION_COMMENTS = YES;
				CLANG_WARN_EMPTY_BODY = YES;
				CLANG_WARN_ENUM_CONVERSION = YES;
				CLANG_WARN_INFINITE_RECURSION = YES;
				CLANG_WARN_INT_CONVERSION = YES;
				CLANG_WARN_NON_LITERAL_NULL_CONVERSION = YES;
				CLANG_WARN_OBJC_IMPLICIT_RETAIN_SELF = YES;
				CLANG_WARN_OBJC_LITERAL_CONVERSION = YES;
				CLANG_WARN_OBJC_ROOT_CLASS = YES_ERROR;
				CLANG_WARN_QUOTED_INCLUDE_IN_FRAMEWORK_HEADER = YES;
				CLANG_WARN_RANGE_LOOP_ANALYSIS = YES;
				CLANG_WARN_STRICT_PROTOTYPES = YES;
				CLANG_WARN_SUSPICIOUS_MOVE = YES;
				CLANG_WARN_UNGUARDED_AVAILABILITY = YES_AGGRESSIVE;
				CLANG_WARN_UNREACHABLE_CODE = YES;
				CLANG_WARN__DUPLICATE_METHOD_MATCH = YES;
				COPY_PHASE_STRIP = NO;
				DEBUG_INFORMATION_FORMAT = "dwarf-with-dsym";
				ENABLE_NS_ASSERTIONS = NO;
				ENABLE_STRICT_OBJC_MSGSEND = YES;
				ENABLE_USER_SCRIPT_SANDBOXING = YES;
				GCC_C_LANGUAGE_STANDARD = gnu17;
				GCC_NO_COMMON_BLOCKS = YES;
				GCC_WARN_64_TO_32_BIT_CONVERSION = YES;
				GCC_WARN_ABOUT_RETURN_TYPE = YES_ERROR;
				GCC_WARN_UNDECLARED_SELECTOR = YES;
				GCC_WARN_UNINITIALIZED_AUTOS = YES_AGGRESSIVE;
				GCC_WARN_UNUSED_FUNCTION = YES;
				GCC_WARN_UNUSED_VARIABLE = YES;
				IPHONEOS_DEPLOYMENT_TARGET = 18.0;
				LOCALIZATION_PREFERS_STRING_CATALOGS = YES;
				MTL_ENABLE_DEBUG_INFO = NO;
				MTL_FAST_MATH = YES;
				SDKROOT = iphoneos;
				SWIFT_COMPILATION_MODE = wholemodule;
				VALIDATE_PRODUCT = YES;
			};
			name = Release;
		};
		E76AD8D92CAD737200279E81 /* Debug */ = {
			isa = XCBuildConfiguration;
			buildSettings = {
				BUNDLE_LOADER = "$(TEST_HOST)";
				CODE_SIGN_STYLE = Automatic;
				CURRENT_PROJECT_VERSION = 1;
				DEVELOPMENT_TEAM = 2U9LG3V72B;
				GENERATE_INFOPLIST_FILE = YES;
				IPHONEOS_DEPLOYMENT_TARGET = 18.0;
				MARKETING_VERSION = 1.0;
				PRODUCT_BUNDLE_IDENTIFIER = clc.ClassmateAppMcCainTests;
				PRODUCT_NAME = "$(TARGET_NAME)";
				SWIFT_EMIT_LOC_STRINGS = NO;
				SWIFT_VERSION = 5.0;
				TARGETED_DEVICE_FAMILY = "1,2";
				TEST_HOST = "$(BUILT_PRODUCTS_DIR)/ClassmateAppMcCain.app/$(BUNDLE_EXECUTABLE_FOLDER_PATH)/ClassmateAppMcCain";
			};
			name = Debug;
		};
		E76AD8DA2CAD737200279E81 /* Release */ = {
			isa = XCBuildConfiguration;
			buildSettings = {
				BUNDLE_LOADER = "$(TEST_HOST)";
				CODE_SIGN_STYLE = Automatic;
				CURRENT_PROJECT_VERSION = 1;
				DEVELOPMENT_TEAM = 2U9LG3V72B;
				GENERATE_INFOPLIST_FILE = YES;
				IPHONEOS_DEPLOYMENT_TARGET = 18.0;
				MARKETING_VERSION = 1.0;
				PRODUCT_BUNDLE_IDENTIFIER = clc.ClassmateAppMcCainTests;
				PRODUCT_NAME = "$(TARGET_NAME)";
				SWIFT_EMIT_LOC_STRINGS = NO;
				SWIFT_VERSION = 5.0;
				TARGETED_DEVICE_FAMILY = "1,2";
				TEST_HOST = "$(BUILT_PRODUCTS_DIR)/ClassmateAppMcCain.app/$(BUNDLE_EXECUTABLE_FOLDER_PATH)/ClassmateAppMcCain";
			};
			name = Release;
		};
		E76AD8DC2CAD737200279E81 /* Debug */ = {
			isa = XCBuildConfiguration;
			buildSettings = {
				CODE_SIGN_STYLE = Automatic;
				CURRENT_PROJECT_VERSION = 1;
				DEVELOPMENT_TEAM = 2U9LG3V72B;
				GENERATE_INFOPLIST_FILE = YES;
				MARKETING_VERSION = 1.0;
				PRODUCT_BUNDLE_IDENTIFIER = clc.ClassmateAppMcCainUITests;
				PRODUCT_NAME = "$(TARGET_NAME)";
				SWIFT_EMIT_LOC_STRINGS = NO;
				SWIFT_VERSION = 5.0;
				TARGETED_DEVICE_FAMILY = "1,2";
				TEST_TARGET_NAME = ClassmateAppMcCain;
			};
			name = Debug;
		};
		E76AD8DD2CAD737200279E81 /* Release */ = {
			isa = XCBuildConfiguration;
			buildSettings = {
				CODE_SIGN_STYLE = Automatic;
				CURRENT_PROJECT_VERSION = 1;
				DEVELOPMENT_TEAM = 2U9LG3V72B;
				GENERATE_INFOPLIST_FILE = YES;
				MARKETING_VERSION = 1.0;
				PRODUCT_BUNDLE_IDENTIFIER = clc.ClassmateAppMcCainUITests;
				PRODUCT_NAME = "$(TARGET_NAME)";
				SWIFT_EMIT_LOC_STRINGS = NO;
				SWIFT_VERSION = 5.0;
				TARGETED_DEVICE_FAMILY = "1,2";
				TEST_TARGET_NAME = ClassmateAppMcCain;
			};
			name = Release;
		};
/* End XCBuildConfiguration section */

/* Begin XCConfigurationList section */
		E76AD8A22CAD736F00279E81 /* Build configuration list for PBXProject "ClassmateAppMcCain" */ = {
			isa = XCConfigurationList;
			buildConfigurations = (
				E76AD8D62CAD737200279E81 /* Debug */,
				E76AD8D72CAD737200279E81 /* Release */,
			);
			defaultConfigurationIsVisible = 0;
			defaultConfigurationName = Release;
		};
		E76AD8D32CAD737200279E81 /* Build configuration list for PBXNativeTarget "ClassmateAppMcCain" */ = {
			isa = XCConfigurationList;
			buildConfigurations = (
				E76AD8D42CAD737200279E81 /* Debug */,
				E76AD8D52CAD737200279E81 /* Release */,
			);
			defaultConfigurationIsVisible = 0;
			defaultConfigurationName = Release;
		};
		E76AD8D82CAD737200279E81 /* Build configuration list for PBXNativeTarget "ClassmateAppMcCainTests" */ = {
			isa = XCConfigurationList;
			buildConfigurations = (
				E76AD8D92CAD737200279E81 /* Debug */,
				E76AD8DA2CAD737200279E81 /* Release */,
			);
			defaultConfigurationIsVisible = 0;
			defaultConfigurationName = Release;
		};
		E76AD8DB2CAD737200279E81 /* Build configuration list for PBXNativeTarget "ClassmateAppMcCainUITests" */ = {
			isa = XCConfigurationList;
			buildConfigurations = (
				E76AD8DC2CAD737200279E81 /* Debug */,
				E76AD8DD2CAD737200279E81 /* Release */,
			);
			defaultConfigurationIsVisible = 0;
			defaultConfigurationName = Release;
		};
/* End XCConfigurationList section */
	};
	rootObject = E76AD89F2CAD736F00279E81 /* Project object */;
}
